
Microsoft Visual Studio Solution File, Format Version 12.00
# Visual Studio Version 17
VisualStudioVersion = 17.5.33424.131
MinimumVisualStudioVersion = 10.0.40219.1
Project("{FAE04EC0-301F-11D3-BF4B-00C04F79EFBC}") = "D1_ThreadConsoleExample", "D1_ThreadConsoleExample\D1_ThreadConsoleExample.csproj", "{E477FE7E-2729-4BCB-869D-28E5B9D68BE1}"
EndProject
Project("{FAE04EC0-301F-11D3-BF4B-00C04F79EFBC}") = "DX_OwnThings", "DX_OwnThings\DX_OwnThings.csproj", "{B0E7769B-05A0-4785-BBE8-E3D3A4CBEB6C}"
EndProject
Project("{FAE04EC0-301F-11D3-BF4B-00C04F79EFBC}") = "D1_ThreadDelegate", "D1_ThreadDelegate\D1_ThreadDelegate.csproj", "{B398E31D-75D5-4964-9F7E-2388F3A65850}"
EndProject
Project("{FAE04EC0-301F-11D3-BF4B-00C04F79EFBC}") = "D1_ThreadSafeProblem", "D1_ThreadSafeProblem\D1_ThreadSafeProblem.csproj", "{930D82AC-E51B-4D68-8F20-F3DF664B3538}"
EndProject
Project("{FAE04EC0-301F-11D3-BF4B-00C04F79EFBC}") = "D1_ThreadPoolTest", "D1_ThreadPoolTest\D1_ThreadPoolTest.csproj", "{BA0C5687-732F-4F65-BC48-B868E2E3A2B8}"
EndProject
Project("{FAE04EC0-301F-11D3-BF4B-00C04F79EFBC}") = "D1_ParallelTest", "D1_ParallelTest\D1_ParallelTest.csproj", "{ECFDAC0D-CCD1-4467-BAAF-F1F6A2C833AE}"
EndProject
Project("{FAE04EC0-301F-11D3-BF4B-00C04F79EFBC}") = "D1_TaskExample", "D1_TaskExample\D1_TaskExample.csproj", "{E17587E5-D0F1-4D4B-B599-9CF296145CEB}"
EndProject
Project("{2150E333-8FDC-42A3-9474-1A3956D46DE8}") = "Dzien01 - Parallel,Threads,Tasks", "Dzien01 - Parallel,Threads,Tasks", "{F35FAA7C-7EA1-4CEB-94C8-298CBA7C5CC2}"
EndProject
Project("{FAE04EC0-301F-11D3-BF4B-00C04F79EFBC}") = "D2_Serializacja", "D2_Serializacja\D2_Serializacja.csproj", "{BBC9CD7D-DFF2-40CC-A6AE-02982BE2B13E}"
EndProject
Project("{2150E333-8FDC-42A3-9474-1A3956D46DE8}") = "Dzien02 - Serialization", "Dzien02 - Serialization", "{1CD24872-5211-4A7F-8308-61F3B1BDBDFA}"
EndProject
Project("{FAE04EC0-301F-11D3-BF4B-00C04F79EFBC}") = "D2_NBP", "D2_NBP\D2_NBP.csproj", "{C59F1874-D12E-4565-BD8D-C6C51E7145C1}"
EndProject
Global
	GlobalSection(SolutionConfigurationPlatforms) = preSolution
		Debug|Any CPU = Debug|Any CPU
		Release|Any CPU = Release|Any CPU
	EndGlobalSection
	GlobalSection(ProjectConfigurationPlatforms) = postSolution
		{E477FE7E-2729-4BCB-869D-28E5B9D68BE1}.Debug|Any CPU.ActiveCfg = Debug|Any CPU
		{E477FE7E-2729-4BCB-869D-28E5B9D68BE1}.Debug|Any CPU.Build.0 = Debug|Any CPU
		{E477FE7E-2729-4BCB-869D-28E5B9D68BE1}.Release|Any CPU.ActiveCfg = Release|Any CPU
		{E477FE7E-2729-4BCB-869D-28E5B9D68BE1}.Release|Any CPU.Build.0 = Release|Any CPU
		{B0E7769B-05A0-4785-BBE8-E3D3A4CBEB6C}.Debug|Any CPU.ActiveCfg = Debug|Any CPU
		{B0E7769B-05A0-4785-BBE8-E3D3A4CBEB6C}.Debug|Any CPU.Build.0 = Debug|Any CPU
		{B0E7769B-05A0-4785-BBE8-E3D3A4CBEB6C}.Release|Any CPU.ActiveCfg = Release|Any CPU
		{B0E7769B-05A0-4785-BBE8-E3D3A4CBEB6C}.Release|Any CPU.Build.0 = Release|Any CPU
		{B398E31D-75D5-4964-9F7E-2388F3A65850}.Debug|Any CPU.ActiveCfg = Debug|Any CPU
		{B398E31D-75D5-4964-9F7E-2388F3A65850}.Debug|Any CPU.Build.0 = Debug|Any CPU
		{B398E31D-75D5-4964-9F7E-2388F3A65850}.Release|Any CPU.ActiveCfg = Release|Any CPU
		{B398E31D-75D5-4964-9F7E-2388F3A65850}.Release|Any CPU.Build.0 = Release|Any CPU
		{930D82AC-E51B-4D68-8F20-F3DF664B3538}.Debug|Any CPU.ActiveCfg = Debug|Any CPU
		{930D82AC-E51B-4D68-8F20-F3DF664B3538}.Debug|Any CPU.Build.0 = Debug|Any CPU
		{930D82AC-E51B-4D68-8F20-F3DF664B3538}.Release|Any CPU.ActiveCfg = Release|Any CPU
		{930D82AC-E51B-4D68-8F20-F3DF664B3538}.Release|Any CPU.Build.0 = Release|Any CPU
		{BA0C5687-732F-4F65-BC48-B868E2E3A2B8}.Debug|Any CPU.ActiveCfg = Debug|Any CPU
		{BA0C5687-732F-4F65-BC48-B868E2E3A2B8}.Debug|Any CPU.Build.0 = Debug|Any CPU
		{BA0C5687-732F-4F65-BC48-B868E2E3A2B8}.Release|Any CPU.ActiveCfg = Release|Any CPU
		{BA0C5687-732F-4F65-BC48-B868E2E3A2B8}.Release|Any CPU.Build.0 = Release|Any CPU
		{ECFDAC0D-CCD1-4467-BAAF-F1F6A2C833AE}.Debug|Any CPU.ActiveCfg = Debug|Any CPU
		{ECFDAC0D-CCD1-4467-BAAF-F1F6A2C833AE}.Debug|Any CPU.Build.0 = Debug|Any CPU
		{ECFDAC0D-CCD1-4467-BAAF-F1F6A2C833AE}.Release|Any CPU.ActiveCfg = Release|Any CPU
		{ECFDAC0D-CCD1-4467-BAAF-F1F6A2C833AE}.Release|Any CPU.Build.0 = Release|Any CPU
		{E17587E5-D0F1-4D4B-B599-9CF296145CEB}.Debug|Any CPU.ActiveCfg = Debug|Any CPU
		{E17587E5-D0F1-4D4B-B599-9CF296145CEB}.Debug|Any CPU.Build.0 = Debug|Any CPU
		{E17587E5-D0F1-4D4B-B599-9CF296145CEB}.Release|Any CPU.ActiveCfg = Release|Any CPU
		{E17587E5-D0F1-4D4B-B599-9CF296145CEB}.Release|Any CPU.Build.0 = Release|Any CPU
		{BBC9CD7D-DFF2-40CC-A6AE-02982BE2B13E}.Debug|Any CPU.ActiveCfg = Debug|Any CPU
		{BBC9CD7D-DFF2-40CC-A6AE-02982BE2B13E}.Debug|Any CPU.Build.0 = Debug|Any CPU
		{BBC9CD7D-DFF2-40CC-A6AE-02982BE2B13E}.Release|Any CPU.ActiveCfg = Release|Any CPU
		{BBC9CD7D-DFF2-40CC-A6AE-02982BE2B13E}.Release|Any CPU.Build.0 = Release|Any CPU
		{C59F1874-D12E-4565-BD8D-C6C51E7145C1}.Debug|Any CPU.ActiveCfg = Debug|Any CPU
		{C59F1874-D12E-4565-BD8D-C6C51E7145C1}.Debug|Any CPU.Build.0 = Debug|Any CPU
		{C59F1874-D12E-4565-BD8D-C6C51E7145C1}.Release|Any CPU.ActiveCfg = Release|Any CPU
		{C59F1874-D12E-4565-BD8D-C6C51E7145C1}.Release|Any CPU.Build.0 = Release|Any CPU
	EndGlobalSection
	GlobalSection(SolutionProperties) = preSolution
		HideSolutionNode = FALSE
	EndGlobalSection
	GlobalSection(NestedProjects) = preSolution
		{E477FE7E-2729-4BCB-869D-28E5B9D68BE1} = {F35FAA7C-7EA1-4CEB-94C8-298CBA7C5CC2}
		{B398E31D-75D5-4964-9F7E-2388F3A65850} = {F35FAA7C-7EA1-4CEB-94C8-298CBA7C5CC2}
		{930D82AC-E51B-4D68-8F20-F3DF664B3538} = {F35FAA7C-7EA1-4CEB-94C8-298CBA7C5CC2}
		{BA0C5687-732F-4F65-BC48-B868E2E3A2B8} = {F35FAA7C-7EA1-4CEB-94C8-298CBA7C5CC2}
		{ECFDAC0D-CCD1-4467-BAAF-F1F6A2C833AE} = {F35FAA7C-7EA1-4CEB-94C8-298CBA7C5CC2}
		{E17587E5-D0F1-4D4B-B599-9CF296145CEB} = {F35FAA7C-7EA1-4CEB-94C8-298CBA7C5CC2}
		{BBC9CD7D-DFF2-40CC-A6AE-02982BE2B13E} = {1CD24872-5211-4A7F-8308-61F3B1BDBDFA}
		{C59F1874-D12E-4565-BD8D-C6C51E7145C1} = {1CD24872-5211-4A7F-8308-61F3B1BDBDFA}
	EndGlobalSection
	GlobalSection(ExtensibilityGlobals) = postSolution
		SolutionGuid = {688B653D-60E6-4BE2-AD08-1D85287FE70B}
	EndGlobalSection
EndGlobal
