
Microsoft Visual Studio Solution File, Format Version 12.00
# Visual Studio Version 17
VisualStudioVersion = 17.5.33424.131
MinimumVisualStudioVersion = 10.0.40219.1
Project("{FAE04EC0-301F-11D3-BF4B-00C04F79EFBC}") = "ThreadConsoleExample", "ThreadConsoleExample\ThreadConsoleExample.csproj", "{E477FE7E-2729-4BCB-869D-28E5B9D68BE1}"
EndProject
Project("{FAE04EC0-301F-11D3-BF4B-00C04F79EFBC}") = "OwnThings", "OwnThings\OwnThings.csproj", "{B0E7769B-05A0-4785-BBE8-E3D3A4CBEB6C}"
EndProject
Project("{FAE04EC0-301F-11D3-BF4B-00C04F79EFBC}") = "ThreadDelegate", "ThreadDelegate\ThreadDelegate.csproj", "{B398E31D-75D5-4964-9F7E-2388F3A65850}"
EndProject
Project("{FAE04EC0-301F-11D3-BF4B-00C04F79EFBC}") = "ThreadSafeProblem", "ThreadSafeProblem\ThreadSafeProblem.csproj", "{930D82AC-E51B-4D68-8F20-F3DF664B3538}"
EndProject
Project("{FAE04EC0-301F-11D3-BF4B-00C04F79EFBC}") = "ThreadPoolTest", "ThreadPoolTest\ThreadPoolTest.csproj", "{BA0C5687-732F-4F65-BC48-B868E2E3A2B8}"
EndProject
Project("{FAE04EC0-301F-11D3-BF4B-00C04F79EFBC}") = "PararellTest", "PararellTest\PararellTest.csproj", "{ECFDAC0D-CCD1-4467-BAAF-F1F6A2C833AE}"
EndProject
Project("{FAE04EC0-301F-11D3-BF4B-00C04F79EFBC}") = "TaskExample", "TaskExample\TaskExample.csproj", "{E17587E5-D0F1-4D4B-B599-9CF296145CEB}"
EndProject
Global
	GlobalSection(SolutionConfigurationPlatforms) = preSolution
		Debug|Any CPU = Debug|Any CPU
		Release|Any CPU = Release|Any CPU
	EndGlobalSection
	GlobalSection(ProjectConfigurationPlatforms) = postSolution
		{E477FE7E-2729-4BCB-869D-28E5B9D68BE1}.Debug|Any CPU.ActiveCfg = Debug|Any CPU
		{E477FE7E-2729-4BCB-869D-28E5B9D68BE1}.Debug|Any CPU.Build.0 = Debug|Any CPU
		{E477FE7E-2729-4BCB-869D-28E5B9D68BE1}.Release|Any CPU.ActiveCfg = Release|Any CPU
		{E477FE7E-2729-4BCB-869D-28E5B9D68BE1}.Release|Any CPU.Build.0 = Release|Any CPU
		{B0E7769B-05A0-4785-BBE8-E3D3A4CBEB6C}.Debug|Any CPU.ActiveCfg = Debug|Any CPU
		{B0E7769B-05A0-4785-BBE8-E3D3A4CBEB6C}.Debug|Any CPU.Build.0 = Debug|Any CPU
		{B0E7769B-05A0-4785-BBE8-E3D3A4CBEB6C}.Release|Any CPU.ActiveCfg = Release|Any CPU
		{B0E7769B-05A0-4785-BBE8-E3D3A4CBEB6C}.Release|Any CPU.Build.0 = Release|Any CPU
		{B398E31D-75D5-4964-9F7E-2388F3A65850}.Debug|Any CPU.ActiveCfg = Debug|Any CPU
		{B398E31D-75D5-4964-9F7E-2388F3A65850}.Debug|Any CPU.Build.0 = Debug|Any CPU
		{B398E31D-75D5-4964-9F7E-2388F3A65850}.Release|Any CPU.ActiveCfg = Release|Any CPU
		{B398E31D-75D5-4964-9F7E-2388F3A65850}.Release|Any CPU.Build.0 = Release|Any CPU
		{930D82AC-E51B-4D68-8F20-F3DF664B3538}.Debug|Any CPU.ActiveCfg = Debug|Any CPU
		{930D82AC-E51B-4D68-8F20-F3DF664B3538}.Debug|Any CPU.Build.0 = Debug|Any CPU
		{930D82AC-E51B-4D68-8F20-F3DF664B3538}.Release|Any CPU.ActiveCfg = Release|Any CPU
		{930D82AC-E51B-4D68-8F20-F3DF664B3538}.Release|Any CPU.Build.0 = Release|Any CPU
		{BA0C5687-732F-4F65-BC48-B868E2E3A2B8}.Debug|Any CPU.ActiveCfg = Debug|Any CPU
		{BA0C5687-732F-4F65-BC48-B868E2E3A2B8}.Debug|Any CPU.Build.0 = Debug|Any CPU
		{BA0C5687-732F-4F65-BC48-B868E2E3A2B8}.Release|Any CPU.ActiveCfg = Release|Any CPU
		{BA0C5687-732F-4F65-BC48-B868E2E3A2B8}.Release|Any CPU.Build.0 = Release|Any CPU
		{ECFDAC0D-CCD1-4467-BAAF-F1F6A2C833AE}.Debug|Any CPU.ActiveCfg = Debug|Any CPU
		{ECFDAC0D-CCD1-4467-BAAF-F1F6A2C833AE}.Debug|Any CPU.Build.0 = Debug|Any CPU
		{ECFDAC0D-CCD1-4467-BAAF-F1F6A2C833AE}.Release|Any CPU.ActiveCfg = Release|Any CPU
		{ECFDAC0D-CCD1-4467-BAAF-F1F6A2C833AE}.Release|Any CPU.Build.0 = Release|Any CPU
		{E17587E5-D0F1-4D4B-B599-9CF296145CEB}.Debug|Any CPU.ActiveCfg = Debug|Any CPU
		{E17587E5-D0F1-4D4B-B599-9CF296145CEB}.Debug|Any CPU.Build.0 = Debug|Any CPU
		{E17587E5-D0F1-4D4B-B599-9CF296145CEB}.Release|Any CPU.ActiveCfg = Release|Any CPU
		{E17587E5-D0F1-4D4B-B599-9CF296145CEB}.Release|Any CPU.Build.0 = Release|Any CPU
	EndGlobalSection
	GlobalSection(SolutionProperties) = preSolution
		HideSolutionNode = FALSE
	EndGlobalSection
	GlobalSection(ExtensibilityGlobals) = postSolution
		SolutionGuid = {688B653D-60E6-4BE2-AD08-1D85287FE70B}
	EndGlobalSection
EndGlobal
